{
  "version": 4,
  "terraform_version": "1.5.6",
  "serial": 4,
  "lineage": "d2487ff5-03bc-e2c1-9ca9-b54b86058803",
  "outputs": {
    "policy_management_token": {
      "value": "hvs.CAESIE42_Epw-fjSSFj0hOJfWIPfbOktIbBNQ8KxvZhju6LRGh4KHGh2cy5lRm9jaGZibEJSbXBsM2FweGF0TG5DWTk",
      "type": "string",
      "sensitive": true
    }
  },
  "resources": [
    {
      "mode": "managed",
      "type": "vault_policy",
      "name": "policy_management",
      "provider": "provider[\"registry.terraform.io/hashicorp/vault\"]",
      "instances": [
        {
          "schema_version": 0,
          "attributes": {
            "id": "default_policy_management_policy",
            "name": "default_policy_management_policy",
            "namespace": null,
            "policy": "# Allow global policy management\npath \"sys/policies/acl/*\" {\n      capabilities = [\"create\", \"read\", \"update\", \"list\"]\n}\n\n# Explicit deny to restrict the delegation perimeter\npath \"sys/policies/acl/default\" {\n  capabilities = [\"deny\"]\n}\n\npath \"sys/policies/acl/nomad_job_registry_credentials\" {\n  capabilities = [\"deny\"]\n}\n\npath \"sys/policies/acl/nomad_server\" {\n  capabilities = [\"deny\"]\n}\n\npath \"sys/policies/acl/telemetry\" {\n  capabilities = [\"deny\"]\n}\n\npath  \"sys/policies/acl/consul_service_mesh\" {\n  capabilities = [\"deny\"]\n}\n\n"
          },
          "sensitive_attributes": [],
          "private": "bnVsbA=="
        }
      ]
    },
    {
      "mode": "managed",
      "type": "vault_token",
      "name": "policy_management",
      "provider": "provider[\"registry.terraform.io/hashicorp/vault\"]",
      "instances": [
        {
          "schema_version": 0,
          "attributes": {
            "client_token": "hvs.CAESIE42_Epw-fjSSFj0hOJfWIPfbOktIbBNQ8KxvZhju6LRGh4KHGh2cy5lRm9jaGZibEJSbXBsM2FweGF0TG5DWTk",
            "display_name": "token",
            "explicit_max_ttl": null,
            "id": "DxWaLKu8V7mY6xHDDW0gly8L",
            "lease_duration": 86399,
            "lease_started": "2023-11-22T11:32:34+01:00",
            "metadata": {
              "purpose": "Policy management"
            },
            "namespace": null,
            "no_default_policy": null,
            "no_parent": false,
            "num_uses": 0,
            "period": null,
            "policies": [
              "default_policy_management_policy"
            ],
            "renew_increment": 86400,
            "renew_min_lease": 43200,
            "renewable": true,
            "role_name": null,
            "ttl": "24h",
            "wrapped_token": null,
            "wrapping_accessor": null,
            "wrapping_ttl": null
          },
          "sensitive_attributes": [],
          "private": "bnVsbA==",
          "dependencies": [
            "vault_policy.policy_management"
          ]
        }
      ]
    }
  ],
  "check_results": null
}
